
Microsoft Visual Studio Solution File, Format Version 12.00
# Visual Studio Version 16
VisualStudioVersion = 16.0.29806.167
MinimumVisualStudioVersion = 10.0.40219.1
Project("{FAE04EC0-301F-11D3-BF4B-00C04F79EFBC}") = "servicebus-sender", "servicebus-sender.csproj", "{9F139DCA-E349-47E0-99A0-E0E58EBF4DC6}"
EndProject
Global
	GlobalSection(SolutionConfigurationPlatforms) = preSolution
		Debug|Any CPU = Debug|Any CPU
		Release|Any CPU = Release|Any CPU
	EndGlobalSection
	GlobalSection(ProjectConfigurationPlatforms) = postSolution
		{9F139DCA-E349-47E0-99A0-E0E58EBF4DC6}.Debug|Any CPU.ActiveCfg = Debug|Any CPU
		{9F139DCA-E349-47E0-99A0-E0E58EBF4DC6}.Debug|Any CPU.Build.0 = Debug|Any CPU
		{9F139DCA-E349-47E0-99A0-E0E58EBF4DC6}.Release|Any CPU.ActiveCfg = Release|Any CPU
		{9F139DCA-E349-47E0-99A0-E0E58EBF4DC6}.Release|Any CPU.Build.0 = Release|Any CPU
	EndGlobalSection
	GlobalSection(SolutionProperties) = preSolution
		HideSolutionNode = FALSE
	EndGlobalSection
	GlobalSection(ExtensibilityGlobals) = postSolution
		SolutionGuid = {B7950D5C-B649-4332-9B79-75DE026D3756}
	EndGlobalSection
EndGlobal
